// !$*UTF8*$!
{
	archiveVersion = 1;
	classes = {
	};
	objectVersion = 50;
	objects = {

/* Begin PBXBuildFile section */
		CA535ADF235DB78E0005C577 /* CardDetailsViewModelProtocol.swift in Sources */ = {isa = PBXBuildFile; fileRef = CA535ADE235DB78E0005C577 /* CardDetailsViewModelProtocol.swift */; };
		CA535AE1235DB7A30005C577 /* CardDetailsViewModel.swift in Sources */ = {isa = PBXBuildFile; fileRef = CA535AE0235DB7A30005C577 /* CardDetailsViewModel.swift */; };
		CA6BF70423574945004C3F20 /* SpaceMono-Bold.ttf in Resources */ = {isa = PBXBuildFile; fileRef = CA6BF70323574945004C3F20 /* SpaceMono-Bold.ttf */; };
		CA6E4EB423619C7D00C9344D /* CardsListViewModelProtocol.swift in Sources */ = {isa = PBXBuildFile; fileRef = CA6E4EB323619C7D00C9344D /* CardsListViewModelProtocol.swift */; };
		CA6E4EB623619C9200C9344D /* CardsListViewModel.swift in Sources */ = {isa = PBXBuildFile; fileRef = CA6E4EB523619C9200C9344D /* CardsListViewModel.swift */; };
		CA6E4EB92361A22400C9344D /* CardsTableViewCellViewModelProtocol.swift in Sources */ = {isa = PBXBuildFile; fileRef = CA6E4EB82361A22400C9344D /* CardsTableViewCellViewModelProtocol.swift */; };
		CA6E4EBB2361A24800C9344D /* CardsTableViewCellViewModel.swift in Sources */ = {isa = PBXBuildFile; fileRef = CA6E4EBA2361A24800C9344D /* CardsTableViewCellViewModel.swift */; };
		CA6E4EBD2361A3A400C9344D /* ImageManager.swift in Sources */ = {isa = PBXBuildFile; fileRef = CA6E4EBC2361A3A400C9344D /* ImageManager.swift */; };
		CACC61782357208F001B19D0 /* AppDelegate.swift in Sources */ = {isa = PBXBuildFile; fileRef = CACC61772357208F001B19D0 /* AppDelegate.swift */; };
		CACC617A2357208F001B19D0 /* SceneDelegate.swift in Sources */ = {isa = PBXBuildFile; fileRef = CACC61792357208F001B19D0 /* SceneDelegate.swift */; };
		CACC617C2357208F001B19D0 /* CardsViewController.swift in Sources */ = {isa = PBXBuildFile; fileRef = CACC617B2357208F001B19D0 /* CardsViewController.swift */; };
		CACC617F2357208F001B19D0 /* Main.storyboard in Resources */ = {isa = PBXBuildFile; fileRef = CACC617D2357208F001B19D0 /* Main.storyboard */; };
		CACC618123572090001B19D0 /* Assets.xcassets in Resources */ = {isa = PBXBuildFile; fileRef = CACC618023572090001B19D0 /* Assets.xcassets */; };
		CACC618423572090001B19D0 /* LaunchScreen.storyboard in Resources */ = {isa = PBXBuildFile; fileRef = CACC618223572090001B19D0 /* LaunchScreen.storyboard */; };
		CACC619123572293001B19D0 /* Card.swift in Sources */ = {isa = PBXBuildFile; fileRef = CACC619023572293001B19D0 /* Card.swift */; };
		CACC6196235723AB001B19D0 /* NetworkManager.swift in Sources */ = {isa = PBXBuildFile; fileRef = CACC6195235723AB001B19D0 /* NetworkManager.swift */; };
		CACC6198235724FD001B19D0 /* Cards.swift in Sources */ = {isa = PBXBuildFile; fileRef = CACC6197235724FD001B19D0 /* Cards.swift */; };
		CACC619A23572D1F001B19D0 /* DataManager.swift in Sources */ = {isa = PBXBuildFile; fileRef = CACC619923572D1F001B19D0 /* DataManager.swift */; };
		CACC619D23572FC1001B19D0 /* CardTableViewCell.swift in Sources */ = {isa = PBXBuildFile; fileRef = CACC619C23572FC1001B19D0 /* CardTableViewCell.swift */; };
		CADD81CF2357348400EB3DFD /* CardsViewController+UITableViewDelegate.swift in Sources */ = {isa = PBXBuildFile; fileRef = CADD81CE2357348400EB3DFD /* CardsViewController+UITableViewDelegate.swift */; };
		CADD81D1235739BE00EB3DFD /* CardDetailsViewController.swift in Sources */ = {isa = PBXBuildFile; fileRef = CADD81D0235739BE00EB3DFD /* CardDetailsViewController.swift */; };
/* End PBXBuildFile section */

/* Begin PBXFileReference section */
		CA535ADE235DB78E0005C577 /* CardDetailsViewModelProtocol.swift */ = {isa = PBXFileReference; lastKnownFileType = sourcecode.swift; path = CardDetailsViewModelProtocol.swift; sourceTree = "<group>"; };
		CA535AE0235DB7A30005C577 /* CardDetailsViewModel.swift */ = {isa = PBXFileReference; lastKnownFileType = sourcecode.swift; path = CardDetailsViewModel.swift; sourceTree = "<group>"; };
		CA6BF70323574945004C3F20 /* SpaceMono-Bold.ttf */ = {isa = PBXFileReference; lastKnownFileType = file; path = "SpaceMono-Bold.ttf"; sourceTree = "<group>"; };
		CA6E4EB323619C7D00C9344D /* CardsListViewModelProtocol.swift */ = {isa = PBXFileReference; lastKnownFileType = sourcecode.swift; path = CardsListViewModelProtocol.swift; sourceTree = "<group>"; };
		CA6E4EB523619C9200C9344D /* CardsListViewModel.swift */ = {isa = PBXFileReference; lastKnownFileType = sourcecode.swift; path = CardsListViewModel.swift; sourceTree = "<group>"; };
		CA6E4EB82361A22400C9344D /* CardsTableViewCellViewModelProtocol.swift */ = {isa = PBXFileReference; lastKnownFileType = sourcecode.swift; path = CardsTableViewCellViewModelProtocol.swift; sourceTree = "<group>"; };
		CA6E4EBA2361A24800C9344D /* CardsTableViewCellViewModel.swift */ = {isa = PBXFileReference; lastKnownFileType = sourcecode.swift; path = CardsTableViewCellViewModel.swift; sourceTree = "<group>"; };
		CA6E4EBC2361A3A400C9344D /* ImageManager.swift */ = {isa = PBXFileReference; lastKnownFileType = sourcecode.swift; path = ImageManager.swift; sourceTree = "<group>"; };
		CACC61742357208F001B19D0 /* PatternsExampleMVC.app */ = {isa = PBXFileReference; explicitFileType = wrapper.application; includeInIndex = 0; path = PatternsExampleMVC.app; sourceTree = BUILT_PRODUCTS_DIR; };
		CACC61772357208F001B19D0 /* AppDelegate.swift */ = {isa = PBXFileReference; lastKnownFileType = sourcecode.swift; path = AppDelegate.swift; sourceTree = "<group>"; };
		CACC61792357208F001B19D0 /* SceneDelegate.swift */ = {isa = PBXFileReference; lastKnownFileType = sourcecode.swift; path = SceneDelegate.swift; sourceTree = "<group>"; };
		CACC617B2357208F001B19D0 /* CardsViewController.swift */ = {isa = PBXFileReference; lastKnownFileType = sourcecode.swift; path = CardsViewController.swift; sourceTree = "<group>"; };
		CACC617E2357208F001B19D0 /* Base */ = {isa = PBXFileReference; lastKnownFileType = file.storyboard; name = Base; path = Base.lproj/Main.storyboard; sourceTree = "<group>"; };
		CACC618023572090001B19D0 /* Assets.xcassets */ = {isa = PBXFileReference; lastKnownFileType = folder.assetcatalog; path = Assets.xcassets; sourceTree = "<group>"; };
		CACC618323572090001B19D0 /* Base */ = {isa = PBXFileReference; lastKnownFileType = file.storyboard; name = Base; path = Base.lproj/LaunchScreen.storyboard; sourceTree = "<group>"; };
		CACC618523572090001B19D0 /* Info.plist */ = {isa = PBXFileReference; lastKnownFileType = text.plist.xml; path = Info.plist; sourceTree = "<group>"; };
		CACC619023572293001B19D0 /* Card.swift */ = {isa = PBXFileReference; lastKnownFileType = sourcecode.swift; path = Card.swift; sourceTree = "<group>"; };
		CACC6195235723AB001B19D0 /* NetworkManager.swift */ = {isa = PBXFileReference; lastKnownFileType = sourcecode.swift; path = NetworkManager.swift; sourceTree = "<group>"; };
		CACC6197235724FD001B19D0 /* Cards.swift */ = {isa = PBXFileReference; lastKnownFileType = sourcecode.swift; path = Cards.swift; sourceTree = "<group>"; };
		CACC619923572D1F001B19D0 /* DataManager.swift */ = {isa = PBXFileReference; lastKnownFileType = sourcecode.swift; path = DataManager.swift; sourceTree = "<group>"; };
		CACC619C23572FC1001B19D0 /* CardTableViewCell.swift */ = {isa = PBXFileReference; lastKnownFileType = sourcecode.swift; path = CardTableViewCell.swift; sourceTree = "<group>"; };
		CADD81CE2357348400EB3DFD /* CardsViewController+UITableViewDelegate.swift */ = {isa = PBXFileReference; lastKnownFileType = sourcecode.swift; path = "CardsViewController+UITableViewDelegate.swift"; sourceTree = "<group>"; };
		CADD81D0235739BE00EB3DFD /* CardDetailsViewController.swift */ = {isa = PBXFileReference; lastKnownFileType = sourcecode.swift; path = CardDetailsViewController.swift; sourceTree = "<group>"; };
/* End PBXFileReference section */

/* Begin PBXFrameworksBuildPhase section */
		CACC61712357208F001B19D0 /* Frameworks */ = {
			isa = PBXFrameworksBuildPhase;
			buildActionMask = 2147483647;
			files = (
			);
			runOnlyForDeploymentPostprocessing = 0;
		};
/* End PBXFrameworksBuildPhase section */

/* Begin PBXGroup section */
		CA535ADD235DB7520005C577 /* CardDetails */ = {
			isa = PBXGroup;
			children = (
				CADD81D0235739BE00EB3DFD /* CardDetailsViewController.swift */,
				CA535ADE235DB78E0005C577 /* CardDetailsViewModelProtocol.swift */,
				CA535AE0235DB7A30005C577 /* CardDetailsViewModel.swift */,
			);
			path = CardDetails;
			sourceTree = "<group>";
		};
		CA6E4EB223619C1900C9344D /* CardsList */ = {
			isa = PBXGroup;
			children = (
				CACC617B2357208F001B19D0 /* CardsViewController.swift */,
				CA6E4EB323619C7D00C9344D /* CardsListViewModelProtocol.swift */,
				CA6E4EB523619C9200C9344D /* CardsListViewModel.swift */,
				CA6E4EB72361A1EB00C9344D /* CardTableViewCell */,
				CADD81CB2357340D00EB3DFD /* Extension */,
			);
			path = CardsList;
			sourceTree = "<group>";
		};
		CA6E4EB72361A1EB00C9344D /* CardTableViewCell */ = {
			isa = PBXGroup;
			children = (
				CACC619C23572FC1001B19D0 /* CardTableViewCell.swift */,
				CA6E4EB82361A22400C9344D /* CardsTableViewCellViewModelProtocol.swift */,
				CA6E4EBA2361A24800C9344D /* CardsTableViewCellViewModel.swift */,
			);
			path = CardTableViewCell;
			sourceTree = "<group>";
		};
		CACC616B2357208F001B19D0 = {
			isa = PBXGroup;
			children = (
				CA6E4EB223619C1900C9344D /* CardsList */,
				CACC61762357208F001B19D0 /* PatternsExample */,
				CACC61752357208F001B19D0 /* Products */,
			);
			sourceTree = "<group>";
		};
		CACC61752357208F001B19D0 /* Products */ = {
			isa = PBXGroup;
			children = (
				CACC61742357208F001B19D0 /* PatternsExampleMVC.app */,
			);
			name = Products;
			sourceTree = "<group>";
		};
		CACC61762357208F001B19D0 /* PatternsExample */ = {
			isa = PBXGroup;
			children = (
				CA535ADD235DB7520005C577 /* CardDetails */,
				CACC618F2357218D001B19D0 /* Models */,
				CACC618B2357213D001B19D0 /* View */,
				CACC619423572382001B19D0 /* Services */,
				CACC618D2357215A001B19D0 /* Supporting Files */,
				CACC618C23572151001B19D0 /* Resourse */,
			);
			path = PatternsExample;
			sourceTree = "<group>";
		};
		CACC618B2357213D001B19D0 /* View */ = {
			isa = PBXGroup;
			children = (
				CACC619B23572DE1001B19D0 /* Storyboard */,
			);
			path = View;
			sourceTree = "<group>";
		};
		CACC618C23572151001B19D0 /* Resourse */ = {
			isa = PBXGroup;
			children = (
				CA6BF70323574945004C3F20 /* SpaceMono-Bold.ttf */,
				CACC618023572090001B19D0 /* Assets.xcassets */,
			);
			path = Resourse;
			sourceTree = "<group>";
		};
		CACC618D2357215A001B19D0 /* Supporting Files */ = {
			isa = PBXGroup;
			children = (
				CACC618523572090001B19D0 /* Info.plist */,
				CACC61772357208F001B19D0 /* AppDelegate.swift */,
				CACC61792357208F001B19D0 /* SceneDelegate.swift */,
			);
			path = "Supporting Files";
			sourceTree = "<group>";
		};
		CACC618F2357218D001B19D0 /* Models */ = {
			isa = PBXGroup;
			children = (
				CACC6197235724FD001B19D0 /* Cards.swift */,
				CACC619023572293001B19D0 /* Card.swift */,
			);
			path = Models;
			sourceTree = "<group>";
		};
		CACC619423572382001B19D0 /* Services */ = {
			isa = PBXGroup;
			children = (
				CACC6195235723AB001B19D0 /* NetworkManager.swift */,
				CACC619923572D1F001B19D0 /* DataManager.swift */,
				CA6E4EBC2361A3A400C9344D /* ImageManager.swift */,
			);
			path = Services;
			sourceTree = "<group>";
		};
		CACC619B23572DE1001B19D0 /* Storyboard */ = {
			isa = PBXGroup;
			children = (
				CACC617D2357208F001B19D0 /* Main.storyboard */,
				CACC618223572090001B19D0 /* LaunchScreen.storyboard */,
			);
			path = Storyboard;
			sourceTree = "<group>";
		};
		CADD81CB2357340D00EB3DFD /* Extension */ = {
			isa = PBXGroup;
			children = (
				CADD81CE2357348400EB3DFD /* CardsViewController+UITableViewDelegate.swift */,
			);
			path = Extension;
			sourceTree = "<group>";
		};
/* End PBXGroup section */

/* Begin PBXNativeTarget section */
		CACC61732357208F001B19D0 /* PatternsExampleMVC */ = {
			isa = PBXNativeTarget;
			buildConfigurationList = CACC618823572090001B19D0 /* Build configuration list for PBXNativeTarget "PatternsExampleMVC" */;
			buildPhases = (
				CACC61702357208F001B19D0 /* Sources */,
				CACC61712357208F001B19D0 /* Frameworks */,
				CACC61722357208F001B19D0 /* Resources */,
			);
			buildRules = (
			);
			dependencies = (
			);
			name = PatternsExampleMVC;
			productName = PatternsExample;
			productReference = CACC61742357208F001B19D0 /* PatternsExampleMVC.app */;
			productType = "com.apple.product-type.application";
		};
/* End PBXNativeTarget section */

/* Begin PBXProject section */
		CACC616C2357208F001B19D0 /* Project object */ = {
			isa = PBXProject;
			attributes = {
				LastSwiftUpdateCheck = 1100;
				LastUpgradeCheck = 1100;
				ORGANIZATIONNAME = "Iurii Popov";
				TargetAttributes = {
					CACC61732357208F001B19D0 = {
						CreatedOnToolsVersion = 11.0;
					};
				};
			};
			buildConfigurationList = CACC616F2357208F001B19D0 /* Build configuration list for PBXProject "PatternsExampleMVC" */;
			compatibilityVersion = "Xcode 9.3";
			developmentRegion = en;
			hasScannedForEncodings = 0;
			knownRegions = (
				en,
				Base,
			);
			mainGroup = CACC616B2357208F001B19D0;
			productRefGroup = CACC61752357208F001B19D0 /* Products */;
			projectDirPath = "";
			projectRoot = "";
			targets = (
				CACC61732357208F001B19D0 /* PatternsExampleMVC */,
			);
		};
/* End PBXProject section */

/* Begin PBXResourcesBuildPhase section */
		CACC61722357208F001B19D0 /* Resources */ = {
			isa = PBXResourcesBuildPhase;
			buildActionMask = 2147483647;
			files = (
				CACC618423572090001B19D0 /* LaunchScreen.storyboard in Resources */,
				CA6BF70423574945004C3F20 /* SpaceMono-Bold.ttf in Resources */,
				CACC618123572090001B19D0 /* Assets.xcassets in Resources */,
				CACC617F2357208F001B19D0 /* Main.storyboard in Resources */,
			);
			runOnlyForDeploymentPostprocessing = 0;
		};
/* End PBXResourcesBuildPhase section */

/* Begin PBXSourcesBuildPhase section */
		CACC61702357208F001B19D0 /* Sources */ = {
			isa = PBXSourcesBuildPhase;
			buildActionMask = 2147483647;
			files = (
				CACC6196235723AB001B19D0 /* NetworkManager.swift in Sources */,
				CA6E4EBD2361A3A400C9344D /* ImageManager.swift in Sources */,
				CA6E4EB423619C7D00C9344D /* CardsListViewModelProtocol.swift in Sources */,
				CADD81D1235739BE00EB3DFD /* CardDetailsViewController.swift in Sources */,
				CACC619A23572D1F001B19D0 /* DataManager.swift in Sources */,
				CA6E4EB623619C9200C9344D /* CardsListViewModel.swift in Sources */,
				CACC617C2357208F001B19D0 /* CardsViewController.swift in Sources */,
				CACC61782357208F001B19D0 /* AppDelegate.swift in Sources */,
				CA535AE1235DB7A30005C577 /* CardDetailsViewModel.swift in Sources */,
				CA6E4EBB2361A24800C9344D /* CardsTableViewCellViewModel.swift in Sources */,
				CA6E4EB92361A22400C9344D /* CardsTableViewCellViewModelProtocol.swift in Sources */,
				CADD81CF2357348400EB3DFD /* CardsViewController+UITableViewDelegate.swift in Sources */,
				CA535ADF235DB78E0005C577 /* CardDetailsViewModelProtocol.swift in Sources */,
				CACC6198235724FD001B19D0 /* Cards.swift in Sources */,
				CACC617A2357208F001B19D0 /* SceneDelegate.swift in Sources */,
				CACC619123572293001B19D0 /* Card.swift in Sources */,
				CACC619D23572FC1001B19D0 /* CardTableViewCell.swift in Sources */,
			);
			runOnlyForDeploymentPostprocessing = 0;
		};
/* End PBXSourcesBuildPhase section */

/* Begin PBXVariantGroup section */
		CACC617D2357208F001B19D0 /* Main.storyboard */ = {
			isa = PBXVariantGroup;
			children = (
				CACC617E2357208F001B19D0 /* Base */,
			);
			name = Main.storyboard;
			sourceTree = "<group>";
		};
		CACC618223572090001B19D0 /* LaunchScreen.storyboard */ = {
			isa = PBXVariantGroup;
			children = (
				CACC618323572090001B19D0 /* Base */,
			);
			name = LaunchScreen.storyboard;
			sourceTree = "<group>";
		};
/* End PBXVariantGroup section */

/* Begin XCBuildConfiguration section */
		CACC618623572090001B19D0 /* Debug */ = {
			isa = XCBuildConfiguration;
			buildSettings = {
				ALWAYS_SEARCH_USER_PATHS = NO;
				CLANG_ANALYZER_NONNULL = YES;
				CLANG_ANALYZER_NUMBER_OBJECT_CONVERSION = YES_AGGRESSIVE;
				CLANG_CXX_LANGUAGE_STANDARD = "gnu++14";
				CLANG_CXX_LIBRARY = "libc++";
				CLANG_ENABLE_MODULES = YES;
				CLANG_ENABLE_OBJC_ARC = YES;
				CLANG_ENABLE_OBJC_WEAK = YES;
				CLANG_WARN_BLOCK_CAPTURE_AUTORELEASING = YES;
				CLANG_WARN_BOOL_CONVERSION = YES;
				CLANG_WARN_COMMA = YES;
				CLANG_WARN_CONSTANT_CONVERSION = YES;
				CLANG_WARN_DEPRECATED_OBJC_IMPLEMENTATIONS = YES;
				CLANG_WARN_DIRECT_OBJC_ISA_USAGE = YES_ERROR;
				CLANG_WARN_DOCUMENTATION_COMMENTS = YES;
				CLANG_WARN_EMPTY_BODY = YES;
				CLANG_WARN_ENUM_CONVERSION = YES;
				CLANG_WARN_INFINITE_RECURSION = YES;
				CLANG_WARN_INT_CONVERSION = YES;
				CLANG_WARN_NON_LITERAL_NULL_CONVERSION = YES;
				CLANG_WARN_OBJC_IMPLICIT_RETAIN_SELF = YES;
				CLANG_WARN_OBJC_LITERAL_CONVERSION = YES;
				CLANG_WARN_OBJC_ROOT_CLASS = YES_ERROR;
				CLANG_WARN_RANGE_LOOP_ANALYSIS = YES;
				CLANG_WARN_STRICT_PROTOTYPES = YES;
				CLANG_WARN_SUSPICIOUS_MOVE = YES;
				CLANG_WARN_UNGUARDED_AVAILABILITY = YES_AGGRESSIVE;
				CLANG_WARN_UNREACHABLE_CODE = YES;
				CLANG_WARN__DUPLICATE_METHOD_MATCH = YES;
				COPY_PHASE_STRIP = NO;
				DEBUG_INFORMATION_FORMAT = dwarf;
				ENABLE_STRICT_OBJC_MSGSEND = YES;
				ENABLE_TESTABILITY = YES;
				GCC_C_LANGUAGE_STANDARD = gnu11;
				GCC_DYNAMIC_NO_PIC = NO;
				GCC_NO_COMMON_BLOCKS = YES;
				GCC_OPTIMIZATION_LEVEL = 0;
				GCC_PREPROCESSOR_DEFINITIONS = (
					"DEBUG=1",
					"$(inherited)",
				);
				GCC_WARN_64_TO_32_BIT_CONVERSION = YES;
				GCC_WARN_ABOUT_RETURN_TYPE = YES_ERROR;
				GCC_WARN_UNDECLARED_SELECTOR = YES;
				GCC_WARN_UNINITIALIZED_AUTOS = YES_AGGRESSIVE;
				GCC_WARN_UNUSED_FUNCTION = YES;
				GCC_WARN_UNUSED_VARIABLE = YES;
				IPHONEOS_DEPLOYMENT_TARGET = 13.0;
				MTL_ENABLE_DEBUG_INFO = INCLUDE_SOURCE;
				MTL_FAST_MATH = YES;
				ONLY_ACTIVE_ARCH = YES;
				SDKROOT = iphoneos;
				SWIFT_ACTIVE_COMPILATION_CONDITIONS = DEBUG;
				SWIFT_OPTIMIZATION_LEVEL = "-Onone";
			};
			name = Debug;
		};
		CACC618723572090001B19D0 /* Release */ = {
			isa = XCBuildConfiguration;
			buildSettings = {
				ALWAYS_SEARCH_USER_PATHS = NO;
				CLANG_ANALYZER_NONNULL = YES;
				CLANG_ANALYZER_NUMBER_OBJECT_CONVERSION = YES_AGGRESSIVE;
				CLANG_CXX_LANGUAGE_STANDARD = "gnu++14";
				CLANG_CXX_LIBRARY = "libc++";
				CLANG_ENABLE_MODULES = YES;
				CLANG_ENABLE_OBJC_ARC = YES;
				CLANG_ENABLE_OBJC_WEAK = YES;
				CLANG_WARN_BLOCK_CAPTURE_AUTORELEASING = YES;
				CLANG_WARN_BOOL_CONVERSION = YES;
				CLANG_WARN_COMMA = YES;
				CLANG_WARN_CONSTANT_CONVERSION = YES;
				CLANG_WARN_DEPRECATED_OBJC_IMPLEMENTATIONS = YES;
				CLANG_WARN_DIRECT_OBJC_ISA_USAGE = YES_ERROR;
				CLANG_WARN_DOCUMENTATION_COMMENTS = YES;
				CLANG_WARN_EMPTY_BODY = YES;
				CLANG_WARN_ENUM_CONVERSION = YES;
				CLANG_WARN_INFINITE_RECURSION = YES;
				CLANG_WARN_INT_CONVERSION = YES;
				CLANG_WARN_NON_LITERAL_NULL_CONVERSION = YES;
				CLANG_WARN_OBJC_IMPLICIT_RETAIN_SELF = YES;
				CLANG_WARN_OBJC_LITERAL_CONVERSION = YES;
				CLANG_WARN_OBJC_ROOT_CLASS = YES_ERROR;
				CLANG_WARN_RANGE_LOOP_ANALYSIS = YES;
				CLANG_WARN_STRICT_PROTOTYPES = YES;
				CLANG_WARN_SUSPICIOUS_MOVE = YES;
				CLANG_WARN_UNGUARDED_AVAILABILITY = YES_AGGRESSIVE;
				CLANG_WARN_UNREACHABLE_CODE = YES;
				CLANG_WARN__DUPLICATE_METHOD_MATCH = YES;
				COPY_PHASE_STRIP = NO;
				DEBUG_INFORMATION_FORMAT = "dwarf-with-dsym";
				ENABLE_NS_ASSERTIONS = NO;
				ENABLE_STRICT_OBJC_MSGSEND = YES;
				GCC_C_LANGUAGE_STANDARD = gnu11;
				GCC_NO_COMMON_BLOCKS = YES;
				GCC_WARN_64_TO_32_BIT_CONVERSION = YES;
				GCC_WARN_ABOUT_RETURN_TYPE = YES_ERROR;
				GCC_WARN_UNDECLARED_SELECTOR = YES;
				GCC_WARN_UNINITIALIZED_AUTOS = YES_AGGRESSIVE;
				GCC_WARN_UNUSED_FUNCTION = YES;
				GCC_WARN_UNUSED_VARIABLE = YES;
				IPHONEOS_DEPLOYMENT_TARGET = 13.0;
				MTL_ENABLE_DEBUG_INFO = NO;
				MTL_FAST_MATH = YES;
				SDKROOT = iphoneos;
				SWIFT_COMPILATION_MODE = wholemodule;
				SWIFT_OPTIMIZATION_LEVEL = "-O";
				VALIDATE_PRODUCT = YES;
			};
			name = Release;
		};
		CACC618923572090001B19D0 /* Debug */ = {
			isa = XCBuildConfiguration;
			buildSettings = {
				ASSETCATALOG_COMPILER_APPICON_NAME = AppIcon;
				CODE_SIGN_STYLE = Automatic;
				DEVELOPMENT_TEAM = 54SGD4HVN5;
				INFOPLIST_FILE = "PatternsExample/Supporting Files/Info.plist";
				LD_RUNPATH_SEARCH_PATHS = (
					"$(inherited)",
					"@executable_path/Frameworks",
				);
				PRODUCT_BUNDLE_IDENTIFIER = com.IuriiPopov.PatternsExample;
				PRODUCT_NAME = PatternsExampleMVC;
				SWIFT_VERSION = 5.0;
				TARGETED_DEVICE_FAMILY = 1;
			};
			name = Debug;
		};
		CACC618A23572090001B19D0 /* Release */ = {
			isa = XCBuildConfiguration;
			buildSettings = {
				ASSETCATALOG_COMPILER_APPICON_NAME = AppIcon;
				CODE_SIGN_STYLE = Automatic;
				DEVELOPMENT_TEAM = 54SGD4HVN5;
				INFOPLIST_FILE = "PatternsExample/Supporting Files/Info.plist";
				LD_RUNPATH_SEARCH_PATHS = (
					"$(inherited)",
					"@executable_path/Frameworks",
				);
				PRODUCT_BUNDLE_IDENTIFIER = com.IuriiPopov.PatternsExample;
				PRODUCT_NAME = PatternsExampleMVC;
				SWIFT_VERSION = 5.0;
				TARGETED_DEVICE_FAMILY = 1;
			};
			name = Release;
		};
/* End XCBuildConfiguration section */

/* Begin XCConfigurationList section */
		CACC616F2357208F001B19D0 /* Build configuration list for PBXProject "PatternsExampleMVC" */ = {
			isa = XCConfigurationList;
			buildConfigurations = (
				CACC618623572090001B19D0 /* Debug */,
				CACC618723572090001B19D0 /* Release */,
			);
			defaultConfigurationIsVisible = 0;
			defaultConfigurationName = Release;
		};
		CACC618823572090001B19D0 /* Build configuration list for PBXNativeTarget "PatternsExampleMVC" */ = {
			isa = XCConfigurationList;
			buildConfigurations = (
				CACC618923572090001B19D0 /* Debug */,
				CACC618A23572090001B19D0 /* Release */,
			);
			defaultConfigurationIsVisible = 0;
			defaultConfigurationName = Release;
		};
/* End XCConfigurationList section */
	};
	rootObject = CACC616C2357208F001B19D0 /* Project object */;
}
